
Microsoft Visual Studio Solution File, Format Version 12.00
# Visual Studio Version 16
VisualStudioVersion = 16.0.29806.167
MinimumVisualStudioVersion = 10.0.40219.1
Project("{FAE04EC0-301F-11D3-BF4B-00C04F79EFBC}") = "Site", "Site.csproj", "{DBE66C54-CAFA-4D47-B4BD-D2F23947B8F3}"
EndProject
Project("{2150E333-8FDC-42A3-9474-1A3956D46DE8}") = "Domain", "Domain", "{B4C51992-A028-4B99-8A88-3260989DEE69}"
EndProject
Project("{2150E333-8FDC-42A3-9474-1A3956D46DE8}") = "Shared", "Shared", "{BF276329-C896-4002-8EB0-65F2C7DAA8EE}"
EndProject
Project("{FAE04EC0-301F-11D3-BF4B-00C04F79EFBC}") = "Data", "..\Data\Data.csproj", "{3E54AE4A-8BBD-4095-9A57-427BF295BDDD}"
EndProject
Project("{FAE04EC0-301F-11D3-BF4B-00C04F79EFBC}") = "Business", "..\Business\Business.csproj", "{105F6C06-855D-4A38-B615-3D15C90809A1}"
EndProject
Project("{FAE04EC0-301F-11D3-BF4B-00C04F79EFBC}") = "Entities", "..\Entities\Entities.csproj", "{8BF0EB54-D819-41D6-B4EF-0C8D686D2C21}"
EndProject
Global
	GlobalSection(SolutionConfigurationPlatforms) = preSolution
		Debug|Any CPU = Debug|Any CPU
		Release|Any CPU = Release|Any CPU
	EndGlobalSection
	GlobalSection(ProjectConfigurationPlatforms) = postSolution
		{DBE66C54-CAFA-4D47-B4BD-D2F23947B8F3}.Debug|Any CPU.ActiveCfg = Debug|Any CPU
		{DBE66C54-CAFA-4D47-B4BD-D2F23947B8F3}.Debug|Any CPU.Build.0 = Debug|Any CPU
		{DBE66C54-CAFA-4D47-B4BD-D2F23947B8F3}.Release|Any CPU.ActiveCfg = Release|Any CPU
		{DBE66C54-CAFA-4D47-B4BD-D2F23947B8F3}.Release|Any CPU.Build.0 = Release|Any CPU
		{3E54AE4A-8BBD-4095-9A57-427BF295BDDD}.Debug|Any CPU.ActiveCfg = Debug|Any CPU
		{3E54AE4A-8BBD-4095-9A57-427BF295BDDD}.Debug|Any CPU.Build.0 = Debug|Any CPU
		{3E54AE4A-8BBD-4095-9A57-427BF295BDDD}.Release|Any CPU.ActiveCfg = Release|Any CPU
		{3E54AE4A-8BBD-4095-9A57-427BF295BDDD}.Release|Any CPU.Build.0 = Release|Any CPU
		{105F6C06-855D-4A38-B615-3D15C90809A1}.Debug|Any CPU.ActiveCfg = Debug|Any CPU
		{105F6C06-855D-4A38-B615-3D15C90809A1}.Debug|Any CPU.Build.0 = Debug|Any CPU
		{105F6C06-855D-4A38-B615-3D15C90809A1}.Release|Any CPU.ActiveCfg = Release|Any CPU
		{105F6C06-855D-4A38-B615-3D15C90809A1}.Release|Any CPU.Build.0 = Release|Any CPU
		{8BF0EB54-D819-41D6-B4EF-0C8D686D2C21}.Debug|Any CPU.ActiveCfg = Debug|Any CPU
		{8BF0EB54-D819-41D6-B4EF-0C8D686D2C21}.Debug|Any CPU.Build.0 = Debug|Any CPU
		{8BF0EB54-D819-41D6-B4EF-0C8D686D2C21}.Release|Any CPU.ActiveCfg = Release|Any CPU
		{8BF0EB54-D819-41D6-B4EF-0C8D686D2C21}.Release|Any CPU.Build.0 = Release|Any CPU
	EndGlobalSection
	GlobalSection(SolutionProperties) = preSolution
		HideSolutionNode = FALSE
	EndGlobalSection
	GlobalSection(NestedProjects) = preSolution
		{3E54AE4A-8BBD-4095-9A57-427BF295BDDD} = {B4C51992-A028-4B99-8A88-3260989DEE69}
		{105F6C06-855D-4A38-B615-3D15C90809A1} = {B4C51992-A028-4B99-8A88-3260989DEE69}
		{8BF0EB54-D819-41D6-B4EF-0C8D686D2C21} = {BF276329-C896-4002-8EB0-65F2C7DAA8EE}
	EndGlobalSection
	GlobalSection(ExtensibilityGlobals) = postSolution
		SolutionGuid = {6CE1DBFB-FAEC-4665-A32B-832667BD8F82}
	EndGlobalSection
EndGlobal
